
Microsoft Visual Studio Solution File, Format Version 12.00
# Visual Studio Version 17
VisualStudioVersion = 17.0.31903.59
MinimumVisualStudioVersion = 10.0.40219.1
Project("{FAE04EC0-301F-11D3-BF4B-00C04F79EFBC}") = "DiscordTimeTracker.Domain", "DiscordTimeTracker.Domain\DiscordTimeTracker.Domain.csproj", "{E36EE789-D963-4903-87E4-48C531F21AD1}"
EndProject
Project("{FAE04EC0-301F-11D3-BF4B-00C04F79EFBC}") = "DiscordTimeTracker.Application", "DiscordTimeTracker.Application\DiscordTimeTracker.Application.csproj", "{EE204BAA-4529-4850-A1F7-F43871453AB3}"
EndProject
Project("{FAE04EC0-301F-11D3-BF4B-00C04F79EFBC}") = "DiscordTimeTracker.Infrastructure", "DiscordTimeTracker.Infrastructure\DiscordTimeTracker.Infrastructure.csproj", "{B3D15E1F-4D5B-4F12-8B38-AAE58DDAB1B4}"
EndProject
Project("{FAE04EC0-301F-11D3-BF4B-00C04F79EFBC}") = "DiscordTimeTracker.Bot", "DiscordTimeTracker.Bot\DiscordTimeTracker.Bot.csproj", "{C6508FAD-D3E0-4E24-AABF-905A75817BB8}"
EndProject
Project("{FAE04EC0-301F-11D3-BF4B-00C04F79EFBC}") = "DiscordTimeTracker.Console", "DiscordTimeTracker.Console\DiscordTimeTracker.Console.csproj", "{D7FC23C1-7BB7-4E36-A267-C1DE1F075E3F}"
EndProject
Global
	GlobalSection(SolutionConfigurationPlatforms) = preSolution
		Debug|Any CPU = Debug|Any CPU
		Debug|x64 = Debug|x64
		Debug|x86 = Debug|x86
		Release|Any CPU = Release|Any CPU
		Release|x64 = Release|x64
		Release|x86 = Release|x86
	EndGlobalSection
	GlobalSection(ProjectConfigurationPlatforms) = postSolution
		{E36EE789-D963-4903-87E4-48C531F21AD1}.Debug|Any CPU.ActiveCfg = Debug|Any CPU
		{E36EE789-D963-4903-87E4-48C531F21AD1}.Debug|Any CPU.Build.0 = Debug|Any CPU
		{E36EE789-D963-4903-87E4-48C531F21AD1}.Debug|x64.ActiveCfg = Debug|Any CPU
		{E36EE789-D963-4903-87E4-48C531F21AD1}.Debug|x64.Build.0 = Debug|Any CPU
		{E36EE789-D963-4903-87E4-48C531F21AD1}.Debug|x86.ActiveCfg = Debug|Any CPU
		{E36EE789-D963-4903-87E4-48C531F21AD1}.Debug|x86.Build.0 = Debug|Any CPU
		{E36EE789-D963-4903-87E4-48C531F21AD1}.Release|Any CPU.ActiveCfg = Release|Any CPU
		{E36EE789-D963-4903-87E4-48C531F21AD1}.Release|Any CPU.Build.0 = Release|Any CPU
		{E36EE789-D963-4903-87E4-48C531F21AD1}.Release|x64.ActiveCfg = Release|Any CPU
		{E36EE789-D963-4903-87E4-48C531F21AD1}.Release|x64.Build.0 = Release|Any CPU
		{E36EE789-D963-4903-87E4-48C531F21AD1}.Release|x86.ActiveCfg = Release|Any CPU
		{E36EE789-D963-4903-87E4-48C531F21AD1}.Release|x86.Build.0 = Release|Any CPU
		{EE204BAA-4529-4850-A1F7-F43871453AB3}.Debug|Any CPU.ActiveCfg = Debug|Any CPU
		{EE204BAA-4529-4850-A1F7-F43871453AB3}.Debug|Any CPU.Build.0 = Debug|Any CPU
		{EE204BAA-4529-4850-A1F7-F43871453AB3}.Debug|x64.ActiveCfg = Debug|Any CPU
		{EE204BAA-4529-4850-A1F7-F43871453AB3}.Debug|x64.Build.0 = Debug|Any CPU
		{EE204BAA-4529-4850-A1F7-F43871453AB3}.Debug|x86.ActiveCfg = Debug|Any CPU
		{EE204BAA-4529-4850-A1F7-F43871453AB3}.Debug|x86.Build.0 = Debug|Any CPU
		{EE204BAA-4529-4850-A1F7-F43871453AB3}.Release|Any CPU.ActiveCfg = Release|Any CPU
		{EE204BAA-4529-4850-A1F7-F43871453AB3}.Release|Any CPU.Build.0 = Release|Any CPU
		{EE204BAA-4529-4850-A1F7-F43871453AB3}.Release|x64.ActiveCfg = Release|Any CPU
		{EE204BAA-4529-4850-A1F7-F43871453AB3}.Release|x64.Build.0 = Release|Any CPU
		{EE204BAA-4529-4850-A1F7-F43871453AB3}.Release|x86.ActiveCfg = Release|Any CPU
		{EE204BAA-4529-4850-A1F7-F43871453AB3}.Release|x86.Build.0 = Release|Any CPU
		{B3D15E1F-4D5B-4F12-8B38-AAE58DDAB1B4}.Debug|Any CPU.ActiveCfg = Debug|Any CPU
		{B3D15E1F-4D5B-4F12-8B38-AAE58DDAB1B4}.Debug|Any CPU.Build.0 = Debug|Any CPU
		{B3D15E1F-4D5B-4F12-8B38-AAE58DDAB1B4}.Debug|x64.ActiveCfg = Debug|Any CPU
		{B3D15E1F-4D5B-4F12-8B38-AAE58DDAB1B4}.Debug|x64.Build.0 = Debug|Any CPU
		{B3D15E1F-4D5B-4F12-8B38-AAE58DDAB1B4}.Debug|x86.ActiveCfg = Debug|Any CPU
		{B3D15E1F-4D5B-4F12-8B38-AAE58DDAB1B4}.Debug|x86.Build.0 = Debug|Any CPU
		{B3D15E1F-4D5B-4F12-8B38-AAE58DDAB1B4}.Release|Any CPU.ActiveCfg = Release|Any CPU
		{B3D15E1F-4D5B-4F12-8B38-AAE58DDAB1B4}.Release|Any CPU.Build.0 = Release|Any CPU
		{B3D15E1F-4D5B-4F12-8B38-AAE58DDAB1B4}.Release|x64.ActiveCfg = Release|Any CPU
		{B3D15E1F-4D5B-4F12-8B38-AAE58DDAB1B4}.Release|x64.Build.0 = Release|Any CPU
		{B3D15E1F-4D5B-4F12-8B38-AAE58DDAB1B4}.Release|x86.ActiveCfg = Release|Any CPU
		{B3D15E1F-4D5B-4F12-8B38-AAE58DDAB1B4}.Release|x86.Build.0 = Release|Any CPU
		{C6508FAD-D3E0-4E24-AABF-905A75817BB8}.Debug|Any CPU.ActiveCfg = Debug|Any CPU
		{C6508FAD-D3E0-4E24-AABF-905A75817BB8}.Debug|Any CPU.Build.0 = Debug|Any CPU
		{C6508FAD-D3E0-4E24-AABF-905A75817BB8}.Debug|x64.ActiveCfg = Debug|Any CPU
		{C6508FAD-D3E0-4E24-AABF-905A75817BB8}.Debug|x64.Build.0 = Debug|Any CPU
		{C6508FAD-D3E0-4E24-AABF-905A75817BB8}.Debug|x86.ActiveCfg = Debug|Any CPU
		{C6508FAD-D3E0-4E24-AABF-905A75817BB8}.Debug|x86.Build.0 = Debug|Any CPU
		{C6508FAD-D3E0-4E24-AABF-905A75817BB8}.Release|Any CPU.ActiveCfg = Release|Any CPU
		{C6508FAD-D3E0-4E24-AABF-905A75817BB8}.Release|Any CPU.Build.0 = Release|Any CPU
		{C6508FAD-D3E0-4E24-AABF-905A75817BB8}.Release|x64.ActiveCfg = Release|Any CPU
		{C6508FAD-D3E0-4E24-AABF-905A75817BB8}.Release|x64.Build.0 = Release|Any CPU
		{C6508FAD-D3E0-4E24-AABF-905A75817BB8}.Release|x86.ActiveCfg = Release|Any CPU
		{C6508FAD-D3E0-4E24-AABF-905A75817BB8}.Release|x86.Build.0 = Release|Any CPU
		{D7FC23C1-7BB7-4E36-A267-C1DE1F075E3F}.Debug|Any CPU.ActiveCfg = Debug|Any CPU
		{D7FC23C1-7BB7-4E36-A267-C1DE1F075E3F}.Debug|Any CPU.Build.0 = Debug|Any CPU
		{D7FC23C1-7BB7-4E36-A267-C1DE1F075E3F}.Debug|x64.ActiveCfg = Debug|Any CPU
		{D7FC23C1-7BB7-4E36-A267-C1DE1F075E3F}.Debug|x64.Build.0 = Debug|Any CPU
		{D7FC23C1-7BB7-4E36-A267-C1DE1F075E3F}.Debug|x86.ActiveCfg = Debug|Any CPU
		{D7FC23C1-7BB7-4E36-A267-C1DE1F075E3F}.Debug|x86.Build.0 = Debug|Any CPU
		{D7FC23C1-7BB7-4E36-A267-C1DE1F075E3F}.Release|Any CPU.ActiveCfg = Release|Any CPU
		{D7FC23C1-7BB7-4E36-A267-C1DE1F075E3F}.Release|Any CPU.Build.0 = Release|Any CPU
		{D7FC23C1-7BB7-4E36-A267-C1DE1F075E3F}.Release|x64.ActiveCfg = Release|Any CPU
		{D7FC23C1-7BB7-4E36-A267-C1DE1F075E3F}.Release|x64.Build.0 = Release|Any CPU
		{D7FC23C1-7BB7-4E36-A267-C1DE1F075E3F}.Release|x86.ActiveCfg = Release|Any CPU
		{D7FC23C1-7BB7-4E36-A267-C1DE1F075E3F}.Release|x86.Build.0 = Release|Any CPU
	EndGlobalSection
	GlobalSection(SolutionProperties) = preSolution
		HideSolutionNode = FALSE
	EndGlobalSection
	GlobalSection(ExtensibilityGlobals) = postSolution
		SolutionGuid = {BDDC0067-B2C6-4A42-A084-8DFF96C39545}
	EndGlobalSection
EndGlobal
